
Microsoft Visual Studio Solution File, Format Version 12.00
# Visual Studio Version 17
VisualStudioVersion = 17.10.35027.167
MinimumVisualStudioVersion = 10.0.40219.1
Project("{FAE04EC0-301F-11D3-BF4B-00C04F79EFBC}") = "GumAndHealth.Server", "GumAndHealth.Server\GumAndHealth.Server.csproj", "{2BEABB30-556D-4354-9F12-204D928C5AC9}"
EndProject
Project("{54A90642-561A-4BB1-A94E-469ADEE60C69}") = "gumandhealth.client", "gumandhealth.client\gumandhealth.client.esproj", "{4579B3B9-414A-46AE-9B16-044042DA4351}"
EndProject
Global
	GlobalSection(SolutionConfigurationPlatforms) = preSolution
		Debug|Any CPU = Debug|Any CPU
		Release|Any CPU = Release|Any CPU
	EndGlobalSection
	GlobalSection(ProjectConfigurationPlatforms) = postSolution
		{2BEABB30-556D-4354-9F12-204D928C5AC9}.Debug|Any CPU.ActiveCfg = Debug|Any CPU
		{2BEABB30-556D-4354-9F12-204D928C5AC9}.Debug|Any CPU.Build.0 = Debug|Any CPU
		{2BEABB30-556D-4354-9F12-204D928C5AC9}.Release|Any CPU.ActiveCfg = Release|Any CPU
		{2BEABB30-556D-4354-9F12-204D928C5AC9}.Release|Any CPU.Build.0 = Release|Any CPU
		{4579B3B9-414A-46AE-9B16-044042DA4351}.Debug|Any CPU.ActiveCfg = Debug|Any CPU
		{4579B3B9-414A-46AE-9B16-044042DA4351}.Debug|Any CPU.Build.0 = Debug|Any CPU
		{4579B3B9-414A-46AE-9B16-044042DA4351}.Debug|Any CPU.Deploy.0 = Debug|Any CPU
		{4579B3B9-414A-46AE-9B16-044042DA4351}.Release|Any CPU.ActiveCfg = Release|Any CPU
		{4579B3B9-414A-46AE-9B16-044042DA4351}.Release|Any CPU.Build.0 = Release|Any CPU
		{4579B3B9-414A-46AE-9B16-044042DA4351}.Release|Any CPU.Deploy.0 = Release|Any CPU
	EndGlobalSection
	GlobalSection(SolutionProperties) = preSolution
		HideSolutionNode = FALSE
	EndGlobalSection
	GlobalSection(ExtensibilityGlobals) = postSolution
		SolutionGuid = {08DCAD26-4197-4260-8452-B4429D9A4FF7}
	EndGlobalSection
EndGlobal
